
Microsoft Visual Studio Solution File, Format Version 12.00
# Visual Studio 2012
Project("{FAE04EC0-301F-11D3-BF4B-00C04F79EFBC}") = "RightMyGuide.DataAccess", "RightMyGuide.DataAccess\RightMyGuide.DataAccess.csproj", "{2A9C5EE0-C704-4BC1-95E8-3E42599A83B6}"
EndProject
Project("{FAE04EC0-301F-11D3-BF4B-00C04F79EFBC}") = "RightMyGuide.WindowsPhone", "RightMyGuide.WindowsPhone\RightMyGuide.WindowsPhone.csproj", "{D180EFEF-9D84-4522-BF43-B8B80717ABAD}"
EndProject
Project("{2150E333-8FDC-42A3-9474-1A3956D46DE8}") = ".nuget", ".nuget", "{A4BFFB0B-6AEF-4B81-BA06-CE2D912EEA36}"
	ProjectSection(SolutionItems) = preProject
		.nuget\NuGet.Config = .nuget\NuGet.Config
		.nuget\NuGet.exe = .nuget\NuGet.exe
		.nuget\NuGet.targets = .nuget\NuGet.targets
	EndProjectSection
EndProject
Project("{FAE04EC0-301F-11D3-BF4B-00C04F79EFBC}") = "RightMyGuide.BackgroundAgent", "RightMyGuide.BackgroundAgent\RightMyGuide.BackgroundAgent.csproj", "{C3D7AF85-871C-4702-967E-91DB950A322C}"
EndProject
Global
	GlobalSection(TeamFoundationVersionControl) = preSolution
		SccNumberOfProjects = 4
		SccEnterpriseProvider = {4CA58AB2-18FA-4F8D-95D4-32DDF27D184C}
		SccTeamFoundationServer = https://tfs11.codevalue.net/tfs/defaultcollection
		SccProjectUniqueName0 = RightMyGuide.DataAccess\\RightMyGuide.DataAccess.csproj
		SccProjectName0 = RightMyGuide.DataAccess
		SccLocalPath0 = RightMyGuide.DataAccess
		SccProjectUniqueName1 = RightMyGuide.WindowsPhone\\RightMyGuide.WindowsPhone.csproj
		SccProjectName1 = RightMyGuide.WindowsPhone
		SccLocalPath1 = RightMyGuide.WindowsPhone
		SccLocalPath2 = .
		SccProjectUniqueName3 = RightMyGuide.BackgroundAgent\\RightMyGuide.BackgroundAgent.csproj
		SccProjectName3 = RightMyGuide.BackgroundAgent
		SccLocalPath3 = RightMyGuide.BackgroundAgent
	EndGlobalSection
	GlobalSection(SolutionConfigurationPlatforms) = preSolution
		Debug|Any CPU = Debug|Any CPU
		Debug|ARM = Debug|ARM
		Debug|x86 = Debug|x86
		Release|Any CPU = Release|Any CPU
		Release|ARM = Release|ARM
		Release|x86 = Release|x86
	EndGlobalSection
	GlobalSection(ProjectConfigurationPlatforms) = postSolution
		{2A9C5EE0-C704-4BC1-95E8-3E42599A83B6}.Debug|Any CPU.ActiveCfg = Debug|Any CPU
		{2A9C5EE0-C704-4BC1-95E8-3E42599A83B6}.Debug|Any CPU.Build.0 = Debug|Any CPU
		{2A9C5EE0-C704-4BC1-95E8-3E42599A83B6}.Debug|ARM.ActiveCfg = Debug|ARM
		{2A9C5EE0-C704-4BC1-95E8-3E42599A83B6}.Debug|ARM.Build.0 = Debug|ARM
		{2A9C5EE0-C704-4BC1-95E8-3E42599A83B6}.Debug|x86.ActiveCfg = Debug|x86
		{2A9C5EE0-C704-4BC1-95E8-3E42599A83B6}.Debug|x86.Build.0 = Debug|x86
		{2A9C5EE0-C704-4BC1-95E8-3E42599A83B6}.Release|Any CPU.ActiveCfg = Release|Any CPU
		{2A9C5EE0-C704-4BC1-95E8-3E42599A83B6}.Release|Any CPU.Build.0 = Release|Any CPU
		{2A9C5EE0-C704-4BC1-95E8-3E42599A83B6}.Release|ARM.ActiveCfg = Release|ARM
		{2A9C5EE0-C704-4BC1-95E8-3E42599A83B6}.Release|ARM.Build.0 = Release|ARM
		{2A9C5EE0-C704-4BC1-95E8-3E42599A83B6}.Release|x86.ActiveCfg = Release|x86
		{2A9C5EE0-C704-4BC1-95E8-3E42599A83B6}.Release|x86.Build.0 = Release|x86
		{D180EFEF-9D84-4522-BF43-B8B80717ABAD}.Debug|Any CPU.ActiveCfg = Debug|Any CPU
		{D180EFEF-9D84-4522-BF43-B8B80717ABAD}.Debug|Any CPU.Build.0 = Debug|Any CPU
		{D180EFEF-9D84-4522-BF43-B8B80717ABAD}.Debug|Any CPU.Deploy.0 = Debug|Any CPU
		{D180EFEF-9D84-4522-BF43-B8B80717ABAD}.Debug|ARM.ActiveCfg = Debug|ARM
		{D180EFEF-9D84-4522-BF43-B8B80717ABAD}.Debug|ARM.Build.0 = Debug|ARM
		{D180EFEF-9D84-4522-BF43-B8B80717ABAD}.Debug|ARM.Deploy.0 = Debug|ARM
		{D180EFEF-9D84-4522-BF43-B8B80717ABAD}.Debug|x86.ActiveCfg = Debug|x86
		{D180EFEF-9D84-4522-BF43-B8B80717ABAD}.Debug|x86.Build.0 = Debug|x86
		{D180EFEF-9D84-4522-BF43-B8B80717ABAD}.Debug|x86.Deploy.0 = Debug|x86
		{D180EFEF-9D84-4522-BF43-B8B80717ABAD}.Release|Any CPU.ActiveCfg = Release|Any CPU
		{D180EFEF-9D84-4522-BF43-B8B80717ABAD}.Release|Any CPU.Build.0 = Release|Any CPU
		{D180EFEF-9D84-4522-BF43-B8B80717ABAD}.Release|Any CPU.Deploy.0 = Release|Any CPU
		{D180EFEF-9D84-4522-BF43-B8B80717ABAD}.Release|ARM.ActiveCfg = Release|ARM
		{D180EFEF-9D84-4522-BF43-B8B80717ABAD}.Release|ARM.Build.0 = Release|ARM
		{D180EFEF-9D84-4522-BF43-B8B80717ABAD}.Release|ARM.Deploy.0 = Release|ARM
		{D180EFEF-9D84-4522-BF43-B8B80717ABAD}.Release|x86.ActiveCfg = Release|x86
		{D180EFEF-9D84-4522-BF43-B8B80717ABAD}.Release|x86.Build.0 = Release|x86
		{D180EFEF-9D84-4522-BF43-B8B80717ABAD}.Release|x86.Deploy.0 = Release|x86
		{C3D7AF85-871C-4702-967E-91DB950A322C}.Debug|Any CPU.ActiveCfg = Debug|Any CPU
		{C3D7AF85-871C-4702-967E-91DB950A322C}.Debug|Any CPU.Build.0 = Debug|Any CPU
		{C3D7AF85-871C-4702-967E-91DB950A322C}.Debug|ARM.ActiveCfg = Debug|ARM
		{C3D7AF85-871C-4702-967E-91DB950A322C}.Debug|ARM.Build.0 = Debug|ARM
		{C3D7AF85-871C-4702-967E-91DB950A322C}.Debug|x86.ActiveCfg = Debug|x86
		{C3D7AF85-871C-4702-967E-91DB950A322C}.Debug|x86.Build.0 = Debug|x86
		{C3D7AF85-871C-4702-967E-91DB950A322C}.Release|Any CPU.ActiveCfg = Release|Any CPU
		{C3D7AF85-871C-4702-967E-91DB950A322C}.Release|Any CPU.Build.0 = Release|Any CPU
		{C3D7AF85-871C-4702-967E-91DB950A322C}.Release|ARM.ActiveCfg = Release|ARM
		{C3D7AF85-871C-4702-967E-91DB950A322C}.Release|ARM.Build.0 = Release|ARM
		{C3D7AF85-871C-4702-967E-91DB950A322C}.Release|x86.ActiveCfg = Release|x86
		{C3D7AF85-871C-4702-967E-91DB950A322C}.Release|x86.Build.0 = Release|x86
	EndGlobalSection
	GlobalSection(SolutionProperties) = preSolution
		HideSolutionNode = FALSE
	EndGlobalSection
EndGlobal
